{
  "requires": true,
  "lockfileVersion": 1,
  "dependencies": {
    "foundationdb": {
      "version": "0.10.3",
      "resolved": "https://registry.npmjs.org/foundationdb/-/foundationdb-0.10.3.tgz",
      "integrity": "sha512-l7RzwxZKvG4EWzBEpUdC7hndeXrmmHGiJkOpU1xcCHaTue1VUaeiJOHtDnfHaJe3kJ/0S5Kiid0Cd3vbzd2RxA==",
      "requires": {
        "nan": "^2.13.2",
        "node-gyp-build": "^4.1.0"
      }
    },
    "nan": {
      "version": "2.14.0",
      "resolved": "https://registry.npmjs.org/nan/-/nan-2.14.0.tgz",
      "integrity": "sha512-INOFj37C7k3AfaNTtX8RhsTw7qRy7eLET14cROi9+5HAVbbHuIWUHEauBv5qT4Av2tWasiTY1Jw6puUNqRJXQg=="
    },
    "node-gyp-build": {
      "version": "4.1.1",
      "resolved": "https://registry.npmjs.org/node-gyp-build/-/node-gyp-build-4.1.1.tgz",
      "integrity": "sha512-dSq1xmcPDKPZ2EED2S6zw/b9NKsqzXRE6dVr8TVQnI3FJOTteUMuqF3Qqs6LZg+mLGYJWqQzMbIjMtJqTv87nQ=="
    }
  }
}
